
Microsoft Visual Studio Solution File, Format Version 12.00
# Visual Studio Version 16
VisualStudioVersion = 16.0.30011.22
MinimumVisualStudioVersion = 10.0.40219.1
Project("{9A19103F-16F7-4668-BE54-9A1E7A4F7556}") = "VideoCollection", "VideoCollection\VideoCollection.csproj", "{13DDC4B7-A573-41E3-99B4-1F6C326CC109}"
EndProject
Project("{9A19103F-16F7-4668-BE54-9A1E7A4F7556}") = "Converter", "Converter\Converter.csproj", "{769B2D3B-C74C-4B3B-BF38-3C1CC84B68B5}"
EndProject
Global
	GlobalSection(SolutionConfigurationPlatforms) = preSolution
		Debug|Any CPU = Debug|Any CPU
		Release|Any CPU = Release|Any CPU
	EndGlobalSection
	GlobalSection(ProjectConfigurationPlatforms) = postSolution
		{13DDC4B7-A573-41E3-99B4-1F6C326CC109}.Debug|Any CPU.ActiveCfg = Debug|Any CPU
		{13DDC4B7-A573-41E3-99B4-1F6C326CC109}.Debug|Any CPU.Build.0 = Debug|Any CPU
		{13DDC4B7-A573-41E3-99B4-1F6C326CC109}.Release|Any CPU.ActiveCfg = Release|Any CPU
		{13DDC4B7-A573-41E3-99B4-1F6C326CC109}.Release|Any CPU.Build.0 = Release|Any CPU
		{769B2D3B-C74C-4B3B-BF38-3C1CC84B68B5}.Debug|Any CPU.ActiveCfg = Debug|Any CPU
		{769B2D3B-C74C-4B3B-BF38-3C1CC84B68B5}.Debug|Any CPU.Build.0 = Debug|Any CPU
		{769B2D3B-C74C-4B3B-BF38-3C1CC84B68B5}.Release|Any CPU.ActiveCfg = Release|Any CPU
		{769B2D3B-C74C-4B3B-BF38-3C1CC84B68B5}.Release|Any CPU.Build.0 = Release|Any CPU
	EndGlobalSection
	GlobalSection(SolutionProperties) = preSolution
		HideSolutionNode = FALSE
	EndGlobalSection
	GlobalSection(ExtensibilityGlobals) = postSolution
		SolutionGuid = {836F10C6-06E5-453B-88AE-F397BB9B2AC4}
	EndGlobalSection
EndGlobal
